# THIS IS AN AUTOGENERATED FILE. DO NOT EDIT THIS FILE DIRECTLY.
# yarn lockfile v1


"@babel/runtime@^7.1.2", "@babel/runtime@^7.1.5":
  version "7.1.5"
  resolved "https://registry.npmjs.org/@babel/runtime/-/runtime-7.1.5.tgz#4170907641cf1f61508f563ece3725150cc6fe39"
  dependencies:
    regenerator-runtime "^0.12.0"

"@canner/storage@^2.0.11":
  version "2.0.11"
  resolved "https://registry.npmjs.org/@canner/storage/-/storage-2.0.11.tgz#4d25e9563963a72f373ca0db716ff242706f1b3c"
  dependencies:
    axios "^0.18.0"
    promise-polyfill "^8.1.0"

"@canner/victory-pie@^0.2.0":
  version "0.2.0"
  resolved "https://registry.npmjs.org/@canner/victory-pie/-/victory-pie-0.2.0.tgz#d51a98a4a82735835efdd706a931e7b4e4caf39d"
  dependencies:
    "@canner/victory-utils" "^0.2.0"

"@canner/victory-utils@^0.2.0":
  version "0.2.0"
  resolved "https://registry.npmjs.org/@canner/victory-utils/-/victory-utils-0.2.0.tgz#0043bffc71b21025687cb853fc052d23d8cfd847"

argparse@^1.0.7:
  version "1.0.10"
  resolved "https://registry.npmjs.org/argparse/-/argparse-1.0.10.tgz#bcd6791ea5ae09725e17e5ad988134cd40b3d911"
  dependencies:
    sprintf-js "~1.0.2"

axios@^0.18.0:
  version "0.18.0"
  resolved "http://registry.npmjs.org/axios/-/axios-0.18.0.tgz#32d53e4851efdc0a11993b6cd000789d70c05102"
  dependencies:
    follow-redirects "^1.3.0"
    is-buffer "^1.1.5"

balanced-match@^0.4.2:
  version "0.4.2"
  resolved "https://registry.yarnpkg.com/balanced-match/-/balanced-match-0.4.2.tgz#cb3f3e3c732dc0f01ee70b403f302e61d7709838"

canner-credential@^0.1.8:
  version "0.1.8"
  resolved "https://registry.npmjs.org/canner-credential/-/canner-credential-0.1.8.tgz#2e6079f267563b080b07f73dc13ef7667f393a97"
  dependencies:
    "@babel/runtime" "^7.1.5"
    js-yaml "^3.12.0"

classnames@~2.2.5:
  version "2.2.6"
  resolved "https://registry.yarnpkg.com/classnames/-/classnames-2.2.6.tgz#43935bffdd291f326dad0a205309b38d00f650ce"

core-js@~2.5.1:
  version "2.5.7"
  resolved "https://registry.yarnpkg.com/core-js/-/core-js-2.5.7.tgz#f972608ff0cead68b841a16a932d0b183791814e"

d3-array@^1.2.0:
  version "1.2.4"
  resolved "https://registry.npmjs.org/d3-array/-/d3-array-1.2.4.tgz#635ce4d5eea759f6f605863dbcfc30edc737f71f"

d3-collection@1:
  version "1.0.7"
  resolved "https://registry.npmjs.org/d3-collection/-/d3-collection-1.0.7.tgz#349bd2aa9977db071091c13144d5e4f16b5b310e"

d3-color@1:
  version "1.2.3"
  resolved "https://registry.npmjs.org/d3-color/-/d3-color-1.2.3.tgz#6c67bb2af6df3cc8d79efcc4d3a3e83e28c8048f"

d3-ease@^1.0.0:
  version "1.0.5"
  resolved "https://registry.npmjs.org/d3-ease/-/d3-ease-1.0.5.tgz#8ce59276d81241b1b72042d6af2d40e76d936ffb"

d3-format@1:
  version "1.3.2"
  resolved "https://registry.npmjs.org/d3-format/-/d3-format-1.3.2.tgz#6a96b5e31bcb98122a30863f7d92365c00603562"

d3-interpolate@1, d3-interpolate@^1.1.1, d3-interpolate@~1.3.0:
  version "1.3.2"
  resolved "https://registry.npmjs.org/d3-interpolate/-/d3-interpolate-1.3.2.tgz#417d3ebdeb4bc4efcc8fd4361c55e4040211fd68"
  dependencies:
    d3-color "1"

d3-path@1:
  version "1.0.7"
  resolved "https://registry.npmjs.org/d3-path/-/d3-path-1.0.7.tgz#8de7cd693a75ac0b5480d3abaccd94793e58aae8"

d3-scale@^1.0.0:
  version "1.0.7"
  resolved "https://registry.npmjs.org/d3-scale/-/d3-scale-1.0.7.tgz#fa90324b3ea8a776422bd0472afab0b252a0945d"
  dependencies:
    d3-array "^1.2.0"
    d3-collection "1"
    d3-color "1"
    d3-format "1"
    d3-interpolate "1"
    d3-time "1"
    d3-time-format "2"

d3-scale@~2.1.0:
  version "2.1.2"
  resolved "https://registry.yarnpkg.com/d3-scale/-/d3-scale-2.1.2.tgz#4e932b7b60182aee9073ede8764c98423e5f9a94"
  dependencies:
    d3-array "^1.2.0"
    d3-collection "1"
    d3-format "1"
    d3-interpolate "1"
    d3-time "1"
    d3-time-format "2"

d3-shape@^1.0.0, d3-shape@^1.2.0, d3-shape@~1.2.0:
  version "1.2.2"
  resolved "https://registry.npmjs.org/d3-shape/-/d3-shape-1.2.2.tgz#f9dba3777a5825f9a8ce8bc928da08c17679e9a7"
  dependencies:
    d3-path "1"

d3-time-format@2:
  version "2.1.3"
  resolved "https://registry.npmjs.org/d3-time-format/-/d3-time-format-2.1.3.tgz#ae06f8e0126a9d60d6364eac5b1533ae1bac826b"
  dependencies:
    d3-time "1"

d3-time@1:
  version "1.0.10"
  resolved "https://registry.npmjs.org/d3-time/-/d3-time-1.0.10.tgz#8259dd71288d72eeacfd8de281c4bf5c7393053c"

d3-timer@^1.0.0:
  version "1.0.9"
  resolved "https://registry.npmjs.org/d3-timer/-/d3-timer-1.0.9.tgz#f7bb8c0d597d792ff7131e1c24a36dd471a471ba"

d3-voronoi@^1.1.2:
  version "1.1.4"
  resolved "https://registry.npmjs.org/d3-voronoi/-/d3-voronoi-1.1.4.tgz#dd3c78d7653d2bb359284ae478645d95944c8297"

debug@=3.1.0:
  version "3.1.0"
  resolved "https://registry.npmjs.org/debug/-/debug-3.1.0.tgz#5bb5a0672628b64149566ba16819e61518c67261"
  dependencies:
    ms "2.0.0"

decimal.js-light@^2.4.1:
  version "2.5.0"
  resolved "https://registry.yarnpkg.com/decimal.js-light/-/decimal.js-light-2.5.0.tgz#ca7faf504c799326df94b0ab920424fdfc125348"

dom-helpers@^3.3.1:
  version "3.4.0"
  resolved "https://registry.yarnpkg.com/dom-helpers/-/dom-helpers-3.4.0.tgz#e9b369700f959f62ecde5a6babde4bccd9169af8"
  dependencies:
    "@babel/runtime" "^7.1.2"

esprima@^4.0.0:
  version "4.0.1"
  resolved "https://registry.npmjs.org/esprima/-/esprima-4.0.1.tgz#13b04cdb3e6c5d19df91ab6987a8695619b0aa71"

follow-redirects@^1.3.0:
  version "1.5.10"
  resolved "https://registry.npmjs.org/follow-redirects/-/follow-redirects-1.5.10.tgz#7b7a9f9aea2fdff36786a94ff643ed07f4ff5e2a"
  dependencies:
    debug "=3.1.0"

is-buffer@^1.1.5:
  version "1.1.6"
  resolved "https://registry.npmjs.org/is-buffer/-/is-buffer-1.1.6.tgz#efaa2ea9daa0d7ab2ea13a97b2b8ad51fefbe8be"

"js-tokens@^3.0.0 || ^4.0.0":
  version "4.0.0"
  resolved "https://registry.npmjs.org/js-tokens/-/js-tokens-4.0.0.tgz#19203fb59991df98e3a287050d4647cdeaf32499"

js-yaml@^3.12.0:
  version "3.12.0"
  resolved "https://registry.npmjs.org/js-yaml/-/js-yaml-3.12.0.tgz#eaed656ec8344f10f527c6bfa1b6e2244de167d1"
  dependencies:
    argparse "^1.0.7"
    esprima "^4.0.0"

lodash.debounce@^4.0.8:
  version "4.0.8"
  resolved "https://registry.yarnpkg.com/lodash.debounce/-/lodash.debounce-4.0.8.tgz#82d79bff30a67c4005ffd5e2515300ad9ca4d7af"

lodash.throttle@^4.1.1:
  version "4.1.1"
  resolved "https://registry.yarnpkg.com/lodash.throttle/-/lodash.throttle-4.1.1.tgz#c23e91b710242ac70c37f1e1cda9274cc39bf2f4"

lodash@^4.17.5, lodash@~4.17.4:
  version "4.17.11"
  resolved "https://registry.npmjs.org/lodash/-/lodash-4.17.11.tgz#b39ea6229ef607ecd89e2c8df12536891cac9b8d"

loose-envify@^1.3.1, loose-envify@^1.4.0:
  version "1.4.0"
  resolved "https://registry.npmjs.org/loose-envify/-/loose-envify-1.4.0.tgz#71ee51fa7be4caec1a63839f7e682d8132d30caf"
  dependencies:
    js-tokens "^3.0.0 || ^4.0.0"

math-expression-evaluator@^1.2.14:
  version "1.2.17"
  resolved "https://registry.yarnpkg.com/math-expression-evaluator/-/math-expression-evaluator-1.2.17.tgz#de819fdbcd84dccd8fae59c6aeb79615b9d266ac"

ms@2.0.0:
  version "2.0.0"
  resolved "https://registry.npmjs.org/ms/-/ms-2.0.0.tgz#5608aeadfc00be6c2901df5f9861788de0d597c8"

object-assign@^4.1.1:
  version "4.1.1"
  resolved "https://registry.npmjs.org/object-assign/-/object-assign-4.1.1.tgz#2109adc7965887cfc05cbbd442cac8bfbb360863"

performance-now@^2.1.0:
  version "2.1.0"
  resolved "https://registry.yarnpkg.com/performance-now/-/performance-now-2.1.0.tgz#6309f4e0e5fa913ec1c69307ae364b4b377c9e7b"

promise-polyfill@^8.1.0:
  version "8.1.0"
  resolved "https://registry.npmjs.org/promise-polyfill/-/promise-polyfill-8.1.0.tgz#30059da54d1358ce905ac581f287e184aedf995d"

prop-types@^15.5.8, prop-types@^15.6.0, prop-types@^15.6.2, prop-types@~15.6.0:
  version "15.6.2"
  resolved "https://registry.npmjs.org/prop-types/-/prop-types-15.6.2.tgz#05d5ca77b4453e985d60fc7ff8c859094a497102"
  dependencies:
    loose-envify "^1.3.1"
    object-assign "^4.1.1"

raf@^3.4.0:
  version "3.4.1"
  resolved "https://registry.yarnpkg.com/raf/-/raf-3.4.1.tgz#0742e99a4a6552f445d73e3ee0328af0ff1ede39"
  dependencies:
    performance-now "^2.1.0"

react-fast-compare@^2.0.0:
  version "2.0.4"
  resolved "https://registry.npmjs.org/react-fast-compare/-/react-fast-compare-2.0.4.tgz#e84b4d455b0fec113e0402c329352715196f81f9"

react-lifecycles-compat@^3.0.4:
  version "3.0.4"
  resolved "https://registry.yarnpkg.com/react-lifecycles-compat/-/react-lifecycles-compat-3.0.4.tgz#4f1a273afdfc8f3488a8c516bfda78f872352362"

react-resize-detector@~2.3.0:
  version "2.3.0"
  resolved "http://registry.npmjs.org/react-resize-detector/-/react-resize-detector-2.3.0.tgz#57bad1ae26a28a62a2ddb678ba6ffdf8fa2b599c"
  dependencies:
    lodash.debounce "^4.0.8"
    lodash.throttle "^4.1.1"
    prop-types "^15.6.0"
    resize-observer-polyfill "^1.5.0"

react-smooth@~1.0.0:
  version "1.0.2"
  resolved "https://registry.yarnpkg.com/react-smooth/-/react-smooth-1.0.2.tgz#f7a2d932ece8db898646078c3c97f3e9533e0486"
  dependencies:
    lodash "~4.17.4"
    prop-types "^15.6.0"
    raf "^3.4.0"
    react-transition-group "^2.5.0"

react-transition-group@^2.5.0:
  version "2.5.0"
  resolved "https://registry.yarnpkg.com/react-transition-group/-/react-transition-group-2.5.0.tgz#70bca0e3546102c4dc5cf3f5f57f73447cce6874"
  dependencies:
    dom-helpers "^3.3.1"
    loose-envify "^1.4.0"
    prop-types "^15.6.2"
    react-lifecycles-compat "^3.0.4"

recharts-scale@^0.4.2:
  version "0.4.2"
  resolved "https://registry.yarnpkg.com/recharts-scale/-/recharts-scale-0.4.2.tgz#b66315d985cd9b80d5f7d977a5aab9a305abc354"
  dependencies:
    decimal.js-light "^2.4.1"

recharts@^1.4.1:
  version "1.4.1"
  resolved "https://registry.yarnpkg.com/recharts/-/recharts-1.4.1.tgz#92df29090b457c34c58beec263dc766c2b9ea300"
  dependencies:
    classnames "~2.2.5"
    core-js "~2.5.1"
    d3-interpolate "~1.3.0"
    d3-scale "~2.1.0"
    d3-shape "~1.2.0"
    lodash "~4.17.4"
    prop-types "~15.6.0"
    react-resize-detector "~2.3.0"
    react-smooth "~1.0.0"
    recharts-scale "^0.4.2"
    reduce-css-calc "~1.3.0"

reduce-css-calc@~1.3.0:
  version "1.3.0"
  resolved "http://registry.npmjs.org/reduce-css-calc/-/reduce-css-calc-1.3.0.tgz#747c914e049614a4c9cfbba629871ad1d2927716"
  dependencies:
    balanced-match "^0.4.2"
    math-expression-evaluator "^1.2.14"
    reduce-function-call "^1.0.1"

reduce-function-call@^1.0.1:
  version "1.0.2"
  resolved "https://registry.yarnpkg.com/reduce-function-call/-/reduce-function-call-1.0.2.tgz#5a200bf92e0e37751752fe45b0ab330fd4b6be99"
  dependencies:
    balanced-match "^0.4.2"

regenerator-runtime@^0.12.0:
  version "0.12.1"
  resolved "https://registry.npmjs.org/regenerator-runtime/-/regenerator-runtime-0.12.1.tgz#fa1a71544764c036f8c49b13a08b2594c9f8a0de"

resize-observer-polyfill@^1.5.0:
  version "1.5.0"
  resolved "https://registry.yarnpkg.com/resize-observer-polyfill/-/resize-observer-polyfill-1.5.0.tgz#660ff1d9712a2382baa2cad450a4716209f9ca69"

sprintf-js@~1.0.2:
  version "1.0.3"
  resolved "https://registry.npmjs.org/sprintf-js/-/sprintf-js-1.0.3.tgz#04e6926f662895354f3dd015203633b857297e2c"

victory-area@^31.0.0:
  version "31.0.0"
  resolved "https://registry.npmjs.org/victory-area/-/victory-area-31.0.0.tgz#cd0599592b6059cd979f50c9004173c68ca20e19"
  dependencies:
    d3-shape "^1.2.0"
    lodash "^4.17.5"
    prop-types "^15.5.8"
    victory-core "^31.0.0"

victory-axis@^31.0.0:
  version "31.0.0"
  resolved "https://registry.npmjs.org/victory-axis/-/victory-axis-31.0.0.tgz#dc9da4dcd2257daa8c111a407f7a29f435eabfbd"
  dependencies:
    lodash "^4.17.5"
    prop-types "^15.5.8"
    victory-core "^31.0.0"

victory-bar@^31.0.1:
  version "31.0.1"
  resolved "https://registry.npmjs.org/victory-bar/-/victory-bar-31.0.1.tgz#ec74a0e4a53016517118dd9c63565b4c0aed08e2"
  dependencies:
    d3-shape "^1.2.0"
    lodash "^4.17.5"
    prop-types "^15.5.8"
    victory-core "^31.0.0"

victory-box-plot@^31.0.0:
  version "31.0.0"
  resolved "https://registry.npmjs.org/victory-box-plot/-/victory-box-plot-31.0.0.tgz#cff39bf7eb80c1b72d31342d0d302620f5fff8f8"
  dependencies:
    d3-array "^1.2.0"
    lodash "^4.17.5"
    prop-types "^15.5.8"
    victory-core "^31.0.0"

victory-brush-container@^31.0.0:
  version "31.0.0"
  resolved "https://registry.npmjs.org/victory-brush-container/-/victory-brush-container-31.0.0.tgz#ee0b63bfe7fd136780e9a842a340d619a4f5b9ee"
  dependencies:
    lodash "^4.17.5"
    prop-types "^15.5.8"
    victory-core "^31.0.0"

victory-brush-line@^31.0.0:
  version "31.0.0"
  resolved "https://registry.npmjs.org/victory-brush-line/-/victory-brush-line-31.0.0.tgz#55cd1261c8d92931d5c044e9ba59c9208570dae5"
  dependencies:
    lodash "^4.17.5"
    prop-types "^15.5.8"
    victory-core "^31.0.0"

victory-candlestick@^31.0.0:
  version "31.0.0"
  resolved "https://registry.npmjs.org/victory-candlestick/-/victory-candlestick-31.0.0.tgz#ac944c3de55302683ce3dc83c9dcd7a305429650"
  dependencies:
    lodash "^4.17.5"
    prop-types "^15.5.8"
    victory-core "^31.0.0"

victory-chart@^31.0.0:
  version "31.0.0"
  resolved "https://registry.npmjs.org/victory-chart/-/victory-chart-31.0.0.tgz#565fa780b0fde81a31f515e34deb531f59a9a73b"
  dependencies:
    lodash "^4.17.5"
    prop-types "^15.5.8"
    react-fast-compare "^2.0.0"
    victory-axis "^31.0.0"
    victory-core "^31.0.0"
    victory-polar-axis "^31.0.0"
    victory-shared-events "^31.0.0"

victory-core@^31.0.0:
  version "31.0.0"
  resolved "https://registry.npmjs.org/victory-core/-/victory-core-31.0.0.tgz#53759050206120ed8a8ead44d3ab4d40f22db8f3"
  dependencies:
    d3-ease "^1.0.0"
    d3-interpolate "^1.1.1"
    d3-scale "^1.0.0"
    d3-shape "^1.2.0"
    d3-timer "^1.0.0"
    lodash "^4.17.5"
    prop-types "^15.5.8"
    react-fast-compare "^2.0.0"

victory-create-container@^31.0.1:
  version "31.0.1"
  resolved "https://registry.npmjs.org/victory-create-container/-/victory-create-container-31.0.1.tgz#4b0751c6db01d3ece7e3b8336e153de2ddf62e10"
  dependencies:
    lodash "^4.17.5"
    victory-brush-container "^31.0.0"
    victory-core "^31.0.0"
    victory-cursor-container "^31.0.0"
    victory-selection-container "^31.0.0"
    victory-voronoi-container "^31.0.0"
    victory-zoom-container "^31.0.1"

victory-cursor-container@^31.0.0:
  version "31.0.0"
  resolved "https://registry.npmjs.org/victory-cursor-container/-/victory-cursor-container-31.0.0.tgz#83a659ba2c86757da2e18d9bcb4807b698d34393"
  dependencies:
    lodash "^4.17.5"
    prop-types "^15.5.8"
    victory-core "^31.0.0"

victory-errorbar@^31.0.0:
  version "31.0.0"
  resolved "https://registry.npmjs.org/victory-errorbar/-/victory-errorbar-31.0.0.tgz#89d56bea83325ffd5d6797c9274ff31eaa0066e6"
  dependencies:
    lodash "^4.17.5"
    prop-types "^15.5.8"
    victory-core "^31.0.0"

victory-group@^31.0.0:
  version "31.0.0"
  resolved "https://registry.npmjs.org/victory-group/-/victory-group-31.0.0.tgz#29b8609d9e55545091fa76a25138a95bec26e158"
  dependencies:
    lodash "^4.17.5"
    prop-types "^15.5.8"
    victory-core "^31.0.0"

victory-legend@^31.0.0:
  version "31.0.0"
  resolved "https://registry.npmjs.org/victory-legend/-/victory-legend-31.0.0.tgz#747939a9fff3220dd5de4217c2bd6f6596e76718"
  dependencies:
    lodash "^4.17.5"
    prop-types "^15.5.8"
    victory-core "^31.0.0"

victory-line@^31.0.0:
  version "31.0.0"
  resolved "https://registry.npmjs.org/victory-line/-/victory-line-31.0.0.tgz#781345810bad9d85cfc4be11b2aaf87e0d3d602d"
  dependencies:
    d3-shape "^1.2.0"
    lodash "^4.17.5"
    prop-types "^15.5.8"
    victory-core "^31.0.0"

victory-pie@^31.0.0:
  version "31.0.0"
  resolved "https://registry.npmjs.org/victory-pie/-/victory-pie-31.0.0.tgz#209aa4f081d9f6d1edfc3311fe288a7568146031"
  dependencies:
    d3-shape "^1.0.0"
    lodash "^4.17.5"
    prop-types "^15.5.8"
    victory-core "^31.0.0"

victory-polar-axis@^31.0.0:
  version "31.0.0"
  resolved "https://registry.npmjs.org/victory-polar-axis/-/victory-polar-axis-31.0.0.tgz#6cee80bf595e047d6b2693c7396bf156be2af866"
  dependencies:
    lodash "^4.17.5"
    prop-types "^15.5.8"
    victory-core "^31.0.0"

victory-scatter@^31.0.0:
  version "31.0.0"
  resolved "https://registry.npmjs.org/victory-scatter/-/victory-scatter-31.0.0.tgz#d7f9f28c46b673bbcb62b1b740aca406b31f6e68"
  dependencies:
    lodash "^4.17.5"
    prop-types "^15.5.8"
    victory-core "^31.0.0"

victory-selection-container@^31.0.0:
  version "31.0.0"
  resolved "https://registry.npmjs.org/victory-selection-container/-/victory-selection-container-31.0.0.tgz#ff11079416c26bc19a4aac8e211691f613b5c906"
  dependencies:
    lodash "^4.17.5"
    prop-types "^15.5.8"
    victory-core "^31.0.0"

victory-shared-events@^31.0.0:
  version "31.0.0"
  resolved "https://registry.npmjs.org/victory-shared-events/-/victory-shared-events-31.0.0.tgz#f364f86738b083cca39e8af461079f651632dd04"
  dependencies:
    lodash "^4.17.5"
    prop-types "^15.5.8"
    victory-core "^31.0.0"

victory-stack@^31.0.0:
  version "31.0.0"
  resolved "https://registry.npmjs.org/victory-stack/-/victory-stack-31.0.0.tgz#7cb276e4cb15bf429565fd614f041a5e8c56e353"
  dependencies:
    lodash "^4.17.5"
    prop-types "^15.5.8"
    victory-core "^31.0.0"

victory-tooltip@^31.0.0:
  version "31.0.0"
  resolved "https://registry.npmjs.org/victory-tooltip/-/victory-tooltip-31.0.0.tgz#1c96098dd4476d306b093834c51dee694ed0d0f2"
  dependencies:
    lodash "^4.17.5"
    prop-types "^15.5.8"
    victory-core "^31.0.0"

victory-voronoi-container@^31.0.0:
  version "31.0.0"
  resolved "https://registry.npmjs.org/victory-voronoi-container/-/victory-voronoi-container-31.0.0.tgz#30673e4c1d57935c43f8cd26a9031a10e3c908b7"
  dependencies:
    d3-voronoi "^1.1.2"
    lodash "^4.17.5"
    prop-types "^15.5.8"
    victory-core "^31.0.0"
    victory-tooltip "^31.0.0"

victory-voronoi@^31.0.0:
  version "31.0.0"
  resolved "https://registry.npmjs.org/victory-voronoi/-/victory-voronoi-31.0.0.tgz#264fc78b4074ba9385b8a95a52dbd0c6272c12fd"
  dependencies:
    d3-voronoi "^1.1.2"
    lodash "^4.17.5"
    prop-types "^15.5.8"
    victory-core "^31.0.0"

victory-zoom-container@^31.0.1:
  version "31.0.1"
  resolved "https://registry.npmjs.org/victory-zoom-container/-/victory-zoom-container-31.0.1.tgz#c6c1e701fcb5dd0d13710d80167ab25e9af1351f"
  dependencies:
    lodash "^4.17.5"
    prop-types "^15.5.8"
    victory-core "^31.0.0"

victory@^31.0.1:
  version "31.0.1"
  resolved "https://registry.npmjs.org/victory/-/victory-31.0.1.tgz#6b825f6128d7ea9a1b1f535b6695625aa48c0511"
  dependencies:
    victory-area "^31.0.0"
    victory-axis "^31.0.0"
    victory-bar "^31.0.1"
    victory-box-plot "^31.0.0"
    victory-brush-container "^31.0.0"
    victory-brush-line "^31.0.0"
    victory-candlestick "^31.0.0"
    victory-chart "^31.0.0"
    victory-core "^31.0.0"
    victory-create-container "^31.0.1"
    victory-cursor-container "^31.0.0"
    victory-errorbar "^31.0.0"
    victory-group "^31.0.0"
    victory-legend "^31.0.0"
    victory-line "^31.0.0"
    victory-pie "^31.0.0"
    victory-polar-axis "^31.0.0"
    victory-scatter "^31.0.0"
    victory-selection-container "^31.0.0"
    victory-shared-events "^31.0.0"
    victory-stack "^31.0.0"
    victory-tooltip "^31.0.0"
    victory-voronoi "^31.0.0"
    victory-voronoi-container "^31.0.0"
    victory-zoom-container "^31.0.1"
