{
  "requires": true,
  "lockfileVersion": 1,
  "dependencies": {
    "@babel/runtime": {
      "version": "7.1.5",
      "resolved": "https://registry.npmjs.org/@babel/runtime/-/runtime-7.1.5.tgz",
      "integrity": "sha512-xKnPpXG/pvK1B90JkwwxSGii90rQGKtzcMt2gI5G6+M0REXaq6rOHsGC2ay6/d0Uje7zzvSzjEzfR3ENhFlrfA==",
      "requires": {
        "regenerator-runtime": "0.12.1"
      }
    },
    "argparse": {
      "version": "1.0.10",
      "resolved": "https://registry.npmjs.org/argparse/-/argparse-1.0.10.tgz",
      "integrity": "sha512-o5Roy6tNG4SL/FOkCAN6RzjiakZS25RLYFrcMttJqbdd8BWrnA+fGz57iN5Pb06pvBGvl5gQ0B48dJlslXvoTg==",
      "requires": {
        "sprintf-js": "1.0.3"
      }
    },
    "canner-credential": {
      "version": "0.1.8",
      "resolved": "https://registry.npmjs.org/canner-credential/-/canner-credential-0.1.8.tgz",
      "integrity": "sha512-y/KRoAn5d2DQ3qYR0xjHdQb1KFBI/X4kMegsdQ+mGLQe+FZVYHJ9KjfSqyu5aTZSBwXMGNmlgXrRCUZO4yWqTg==",
      "requires": {
        "@babel/runtime": "7.1.5",
        "js-yaml": "3.12.0"
      }
    },
    "esprima": {
      "version": "4.0.1",
      "resolved": "https://registry.npmjs.org/esprima/-/esprima-4.0.1.tgz",
      "integrity": "sha512-eGuFFw7Upda+g4p+QHvnW0RyTX/SVeJBDM/gCtMARO0cLuT2HcEKnTPvhjV6aGeqrCB/sbNop0Kszm0jsaWU4A=="
    },
    "js-yaml": {
      "version": "3.12.0",
      "resolved": "https://registry.npmjs.org/js-yaml/-/js-yaml-3.12.0.tgz",
      "integrity": "sha512-PIt2cnwmPfL4hKNwqeiuz4bKfnzHTBv6HyVgjahA6mPLwPDzjDWrplJBMjHUFxku/N3FlmrbyPclad+I+4mJ3A==",
      "requires": {
        "argparse": "1.0.10",
        "esprima": "4.0.1"
      }
    },
    "regenerator-runtime": {
      "version": "0.12.1",
      "resolved": "https://registry.npmjs.org/regenerator-runtime/-/regenerator-runtime-0.12.1.tgz",
      "integrity": "sha512-odxIc1/vDlo4iZcfXqRYFj0vpXFNoGdKMAUieAlFYO6m/nl5e9KR/beGf41z4a1FI+aQgtjhuaSlDxQ0hmkrHg=="
    },
    "sprintf-js": {
      "version": "1.0.3",
      "resolved": "https://registry.npmjs.org/sprintf-js/-/sprintf-js-1.0.3.tgz",
      "integrity": "sha1-BOaSb2YolTVPPdAVIDYzuFcpfiw="
    }
  }
}
