# THIS IS AN AUTOGENERATED FILE. DO NOT EDIT THIS FILE DIRECTLY.
# yarn lockfile v1


"@babel/runtime@^7.1.5":
  version "7.2.0"
  resolved "https://registry.yarnpkg.com/@babel/runtime/-/runtime-7.2.0.tgz#b03e42eeddf5898e00646e4c840fa07ba8dcad7f"
  dependencies:
    regenerator-runtime "^0.12.0"

"@canner/storage@^2.0.11":
  version "2.0.11"
  resolved "https://registry.yarnpkg.com/@canner/storage/-/storage-2.0.11.tgz#4d25e9563963a72f373ca0db716ff242706f1b3c"
  dependencies:
    axios "^0.18.0"
    promise-polyfill "^8.1.0"

argparse@^1.0.7:
  version "1.0.10"
  resolved "https://registry.yarnpkg.com/argparse/-/argparse-1.0.10.tgz#bcd6791ea5ae09725e17e5ad988134cd40b3d911"
  dependencies:
    sprintf-js "~1.0.2"

axios@^0.18.0:
  version "0.18.0"
  resolved "http://registry.npmjs.org/axios/-/axios-0.18.0.tgz#32d53e4851efdc0a11993b6cd000789d70c05102"
  dependencies:
    follow-redirects "^1.3.0"
    is-buffer "^1.1.5"

canner-credential@^0.1.8:
  version "0.1.8"
  resolved "https://registry.yarnpkg.com/canner-credential/-/canner-credential-0.1.8.tgz#2e6079f267563b080b07f73dc13ef7667f393a97"
  dependencies:
    "@babel/runtime" "^7.1.5"
    js-yaml "^3.12.0"

debug@=3.1.0:
  version "3.1.0"
  resolved "https://registry.yarnpkg.com/debug/-/debug-3.1.0.tgz#5bb5a0672628b64149566ba16819e61518c67261"
  dependencies:
    ms "2.0.0"

esprima@^4.0.0:
  version "4.0.1"
  resolved "https://registry.yarnpkg.com/esprima/-/esprima-4.0.1.tgz#13b04cdb3e6c5d19df91ab6987a8695619b0aa71"

follow-redirects@^1.3.0:
  version "1.5.10"
  resolved "https://registry.yarnpkg.com/follow-redirects/-/follow-redirects-1.5.10.tgz#7b7a9f9aea2fdff36786a94ff643ed07f4ff5e2a"
  dependencies:
    debug "=3.1.0"

is-buffer@^1.1.5:
  version "1.1.6"
  resolved "https://registry.yarnpkg.com/is-buffer/-/is-buffer-1.1.6.tgz#efaa2ea9daa0d7ab2ea13a97b2b8ad51fefbe8be"

js-yaml@^3.12.0:
  version "3.12.0"
  resolved "https://registry.yarnpkg.com/js-yaml/-/js-yaml-3.12.0.tgz#eaed656ec8344f10f527c6bfa1b6e2244de167d1"
  dependencies:
    argparse "^1.0.7"
    esprima "^4.0.0"

ms@2.0.0:
  version "2.0.0"
  resolved "https://registry.yarnpkg.com/ms/-/ms-2.0.0.tgz#5608aeadfc00be6c2901df5f9861788de0d597c8"

promise-polyfill@^8.1.0:
  version "8.1.0"
  resolved "https://registry.yarnpkg.com/promise-polyfill/-/promise-polyfill-8.1.0.tgz#30059da54d1358ce905ac581f287e184aedf995d"

regenerator-runtime@^0.12.0:
  version "0.12.1"
  resolved "https://registry.yarnpkg.com/regenerator-runtime/-/regenerator-runtime-0.12.1.tgz#fa1a71544764c036f8c49b13a08b2594c9f8a0de"

sprintf-js@~1.0.2:
  version "1.0.3"
  resolved "http://registry.npmjs.org/sprintf-js/-/sprintf-js-1.0.3.tgz#04e6926f662895354f3dd015203633b857297e2c"
